
Microsoft Visual Studio Solution File, Format Version 12.00
# Visual Studio Version 16
VisualStudioVersion = 16.0.30309.148
MinimumVisualStudioVersion = 10.0.40219.1
Project("{9A19103F-16F7-4668-BE54-9A1E7A4F7556}") = "PersonalWebsite", "src\PersonalWebsite\PersonalWebsite.csproj", "{81A55131-49D7-4487-9D13-4F43EE06ABD4}"
EndProject
Project("{9A19103F-16F7-4668-BE54-9A1E7A4F7556}") = "PersonalWebsite.Github", "src\PersonalWebsite.Github\PersonalWebsite.Github.csproj", "{3E153D25-2635-4395-9298-6964DEEBC89F}"
EndProject
Project("{9A19103F-16F7-4668-BE54-9A1E7A4F7556}") = "PersonalWebsite.Tests", "src\PersonalWebsite.Tests\PersonalWebsite.Tests.csproj", "{AF1E7C63-9090-4471-A041-17C3B73FAD37}"
EndProject
Project("{FAE04EC0-301F-11D3-BF4B-00C04F79EFBC}") = "PersonalWebsite.Database", "src\PersonalWebsite.Database\PersonalWebsite.Database.csproj", "{B636E0C8-8014-43F5-9D1F-8ECCB71EEDE9}"
EndProject
Global
	GlobalSection(SolutionConfigurationPlatforms) = preSolution
		Debug|Any CPU = Debug|Any CPU
		Release|Any CPU = Release|Any CPU
	EndGlobalSection
	GlobalSection(ProjectConfigurationPlatforms) = postSolution
		{81A55131-49D7-4487-9D13-4F43EE06ABD4}.Debug|Any CPU.ActiveCfg = Debug|Any CPU
		{81A55131-49D7-4487-9D13-4F43EE06ABD4}.Debug|Any CPU.Build.0 = Debug|Any CPU
		{81A55131-49D7-4487-9D13-4F43EE06ABD4}.Release|Any CPU.ActiveCfg = Release|Any CPU
		{81A55131-49D7-4487-9D13-4F43EE06ABD4}.Release|Any CPU.Build.0 = Release|Any CPU
		{3E153D25-2635-4395-9298-6964DEEBC89F}.Debug|Any CPU.ActiveCfg = Debug|Any CPU
		{3E153D25-2635-4395-9298-6964DEEBC89F}.Debug|Any CPU.Build.0 = Debug|Any CPU
		{3E153D25-2635-4395-9298-6964DEEBC89F}.Release|Any CPU.ActiveCfg = Release|Any CPU
		{3E153D25-2635-4395-9298-6964DEEBC89F}.Release|Any CPU.Build.0 = Release|Any CPU
		{AF1E7C63-9090-4471-A041-17C3B73FAD37}.Debug|Any CPU.ActiveCfg = Debug|Any CPU
		{AF1E7C63-9090-4471-A041-17C3B73FAD37}.Debug|Any CPU.Build.0 = Debug|Any CPU
		{AF1E7C63-9090-4471-A041-17C3B73FAD37}.Release|Any CPU.ActiveCfg = Release|Any CPU
		{AF1E7C63-9090-4471-A041-17C3B73FAD37}.Release|Any CPU.Build.0 = Release|Any CPU
		{B636E0C8-8014-43F5-9D1F-8ECCB71EEDE9}.Debug|Any CPU.ActiveCfg = Debug|Any CPU
		{B636E0C8-8014-43F5-9D1F-8ECCB71EEDE9}.Debug|Any CPU.Build.0 = Debug|Any CPU
		{B636E0C8-8014-43F5-9D1F-8ECCB71EEDE9}.Release|Any CPU.ActiveCfg = Release|Any CPU
		{B636E0C8-8014-43F5-9D1F-8ECCB71EEDE9}.Release|Any CPU.Build.0 = Release|Any CPU
	EndGlobalSection
	GlobalSection(SolutionProperties) = preSolution
		HideSolutionNode = FALSE
	EndGlobalSection
	GlobalSection(ExtensibilityGlobals) = postSolution
		SolutionGuid = {4B1BFD36-CC1E-4FDB-9228-AA43F6C06CE3}
	EndGlobalSection
EndGlobal
